
Microsoft Visual Studio Solution File, Format Version 12.00
# Visual Studio Version 17
VisualStudioVersion = 17.14.36518.9 d17.14
MinimumVisualStudioVersion = 10.0.40219.1
Project("{FAE04EC0-301F-11D3-BF4B-00C04F79EFBC}") = "ContadorVisitasCookie", "ContadorVisitasCookie\ContadorVisitasCookie.csproj", "{CAEC233B-1805-49C3-95F9-5ED78B3945D3}"
EndProject
Global
	GlobalSection(SolutionConfigurationPlatforms) = preSolution
		Debug|Any CPU = Debug|Any CPU
		Release|Any CPU = Release|Any CPU
	EndGlobalSection
	GlobalSection(ProjectConfigurationPlatforms) = postSolution
		{CAEC233B-1805-49C3-95F9-5ED78B3945D3}.Debug|Any CPU.ActiveCfg = Debug|Any CPU
		{CAEC233B-1805-49C3-95F9-5ED78B3945D3}.Debug|Any CPU.Build.0 = Debug|Any CPU
		{CAEC233B-1805-49C3-95F9-5ED78B3945D3}.Release|Any CPU.ActiveCfg = Release|Any CPU
		{CAEC233B-1805-49C3-95F9-5ED78B3945D3}.Release|Any CPU.Build.0 = Release|Any CPU
	EndGlobalSection
	GlobalSection(SolutionProperties) = preSolution
		HideSolutionNode = FALSE
	EndGlobalSection
	GlobalSection(ExtensibilityGlobals) = postSolution
		SolutionGuid = {C818381D-9626-4368-AEBC-2DBBBE8225A2}
	EndGlobalSection
EndGlobal
